
Microsoft Visual Studio Solution File, Format Version 12.00
# Visual Studio Version 16
VisualStudioVersion = 16.0.30611.23
MinimumVisualStudioVersion = 10.0.40219.1
Project("{FAE04EC0-301F-11D3-BF4B-00C04F79EFBC}") = "Stratton Hill Resort Management System", "Stratton Hill Resort Management System\Stratton Hill Resort Management System.csproj", "{EA75F90D-A317-4935-B8F3-27ECEF73D771}"
EndProject
Global
	GlobalSection(SolutionConfigurationPlatforms) = preSolution
		Debug|Any CPU = Debug|Any CPU
		Release|Any CPU = Release|Any CPU
	EndGlobalSection
	GlobalSection(ProjectConfigurationPlatforms) = postSolution
		{EA75F90D-A317-4935-B8F3-27ECEF73D771}.Debug|Any CPU.ActiveCfg = Debug|Any CPU
		{EA75F90D-A317-4935-B8F3-27ECEF73D771}.Debug|Any CPU.Build.0 = Debug|Any CPU
		{EA75F90D-A317-4935-B8F3-27ECEF73D771}.Release|Any CPU.ActiveCfg = Release|Any CPU
		{EA75F90D-A317-4935-B8F3-27ECEF73D771}.Release|Any CPU.Build.0 = Release|Any CPU
	EndGlobalSection
	GlobalSection(SolutionProperties) = preSolution
		HideSolutionNode = FALSE
	EndGlobalSection
	GlobalSection(ExtensibilityGlobals) = postSolution
		SolutionGuid = {0D805BB9-F47A-41A9-9154-43928DBD0B0C}
	EndGlobalSection
EndGlobal
